{
    "_readme": [
        "This file locks the dependencies of your project to a known state",
        "Read more about it at https://getcomposer.org/doc/01-basic-usage.md#composer-lock-the-lock-file",
        "This file is @generated automatically"
    ],
    "hash": "a2483e9e5500ad6701b00ea7f565e712",
    "content-hash": "7e0f6d34f8c7287f10e6d808c1507e1a",
    "packages": [
        {
            "name": "apache/log4php",
            "version": "2.3.0",
            "source": {
                "type": "git",
                "url": "https://git-wip-us.apache.org/repos/asf/logging-log4php.git",
                "reference": "8c6df2481cd68d0d211d38f700406c5f0a9de0c2"
            },
            "require": {
                "php": ">=5.2.7"
            },
            "type": "library",
            "autoload": {
                "classmap": [
                    "src/main/php/"
                ]
            },
            "notification-url": "https://packagist.org/downloads/",
            "license": [
                "Apache-2.0"
            ],
            "description": "A versatile logging framework for PHP",
            "homepage": "http://logging.apache.org/log4php/",
            "keywords": [
                "log",
                "logging",
                "php"
            ],
            "time": "2012-10-26 09:13:25"
        },
        {
            "name": "corneltek/getoptionkit",
            "version": "2.5.0",
            "source": {
                "type": "git",
                "url": "https://github.com/c9s/GetOptionKit.git",
                "reference": "076cc41051d6417bf9304fe92f8d9793edac9910"
            },
            "dist": {
                "type": "zip",
                "url": "https://api.github.com/repos/c9s/GetOptionKit/zipball/076cc41051d6417bf9304fe92f8d9793edac9910",
                "reference": "076cc41051d6417bf9304fe92f8d9793edac9910",
                "shasum": ""
            },
            "require": {
                "php": ">=5.3.0"
            },
            "require-dev": {
                "corneltek/phpunit-testmore": "dev-master",
                "satooshi/php-coveralls": "^1"
            },
            "type": "library",
            "extra": {
                "branch-alias": {
                    "dev-master": "2.5.x-dev"
                }
            },
            "autoload": {
                "psr-4": {
                    "GetOptionKit\\": "src/"
                }
            },
            "notification-url": "https://packagist.org/downloads/",
            "license": [
                "MIT"
            ],
            "authors": [
                {
                    "name": "Yo-An Lin",
                    "email": "cornelius.howl@gmail.com"
                }
            ],
            "description": "Powerful command-line option toolkit",
            "homepage": "http://github.com/c9s/GetOptionKit",
            "time": "2016-07-18 07:44:29"
        },
        {
            "name": "twig/twig",
            "version": "v1.27.0",
            "source": {
                "type": "git",
                "url": "https://github.com/twigphp/Twig.git",
                "reference": "3c6c0033fd3b5679c6e1cb60f4f9766c2b424d97"
            },
            "dist": {
                "type": "zip",
                "url": "https://api.github.com/repos/twigphp/Twig/zipball/3c6c0033fd3b5679c6e1cb60f4f9766c2b424d97",
                "reference": "3c6c0033fd3b5679c6e1cb60f4f9766c2b424d97",
                "shasum": ""
            },
            "require": {
                "php": ">=5.2.7"
            },
            "require-dev": {
                "symfony/debug": "~2.7",
                "symfony/phpunit-bridge": "~2.7"
            },
            "type": "library",
            "extra": {
                "branch-alias": {
                    "dev-master": "1.27-dev"
                }
            },
            "autoload": {
                "psr-0": {
                    "Twig_": "lib/"
                }
            },
            "notification-url": "https://packagist.org/downloads/",
            "license": [
                "BSD-3-Clause"
            ],
            "authors": [
                {
                    "name": "Fabien Potencier",
                    "email": "fabien@symfony.com",
                    "homepage": "http://fabien.potencier.org",
                    "role": "Lead Developer"
                },
                {
                    "name": "Armin Ronacher",
                    "email": "armin.ronacher@active-4.com",
                    "role": "Project Founder"
                },
                {
                    "name": "Twig Team",
                    "homepage": "http://twig.sensiolabs.org/contributors",
                    "role": "Contributors"
                }
            ],
            "description": "Twig, the flexible, fast, and secure template language for PHP",
            "homepage": "http://twig.sensiolabs.org",
            "keywords": [
                "templating"
            ],
            "time": "2016-10-25 19:17:17"
        }
    ],
    "packages-dev": [],
    "aliases": [],
    "minimum-stability": "stable",
    "stability-flags": [],
    "prefer-stable": false,
    "prefer-lowest": false,
    "platform": {
        "php": ">=5.6.0"
    },
    "platform-dev": []
}
